
Microsoft Visual Studio Solution File, Format Version 12.00
# Visual Studio Version 16
VisualStudioVersion = 16.0.30907.101
MinimumVisualStudioVersion = 10.0.40219.1
Project("{FAE04EC0-301F-11D3-BF4B-00C04F79EFBC}") = "iteration2", "iteration2\iteration2.csproj", "{3C64F86F-9FC2-454B-BA4F-1218B09CEAE8}"
EndProject
Project("{FAE04EC0-301F-11D3-BF4B-00C04F79EFBC}") = "iteration2test", "iteration2test\iteration2test.csproj", "{2ABF6BA2-4F39-4D78-848F-54035F096B14}"
EndProject
Project("{FAE04EC0-301F-11D3-BF4B-00C04F79EFBC}") = "ClassLibrary1", "ClassLibrary1\ClassLibrary1.csproj", "{7CA2B2DB-3230-472F-8349-223ADA7AF223}"
EndProject
Global
	GlobalSection(SolutionConfigurationPlatforms) = preSolution
		Debug|Any CPU = Debug|Any CPU
		Release|Any CPU = Release|Any CPU
	EndGlobalSection
	GlobalSection(ProjectConfigurationPlatforms) = postSolution
		{3C64F86F-9FC2-454B-BA4F-1218B09CEAE8}.Debug|Any CPU.ActiveCfg = Debug|Any CPU
		{3C64F86F-9FC2-454B-BA4F-1218B09CEAE8}.Debug|Any CPU.Build.0 = Debug|Any CPU
		{3C64F86F-9FC2-454B-BA4F-1218B09CEAE8}.Release|Any CPU.ActiveCfg = Release|Any CPU
		{3C64F86F-9FC2-454B-BA4F-1218B09CEAE8}.Release|Any CPU.Build.0 = Release|Any CPU
		{2ABF6BA2-4F39-4D78-848F-54035F096B14}.Debug|Any CPU.ActiveCfg = Debug|Any CPU
		{2ABF6BA2-4F39-4D78-848F-54035F096B14}.Debug|Any CPU.Build.0 = Debug|Any CPU
		{2ABF6BA2-4F39-4D78-848F-54035F096B14}.Release|Any CPU.ActiveCfg = Release|Any CPU
		{2ABF6BA2-4F39-4D78-848F-54035F096B14}.Release|Any CPU.Build.0 = Release|Any CPU
		{7CA2B2DB-3230-472F-8349-223ADA7AF223}.Debug|Any CPU.ActiveCfg = Debug|Any CPU
		{7CA2B2DB-3230-472F-8349-223ADA7AF223}.Debug|Any CPU.Build.0 = Debug|Any CPU
		{7CA2B2DB-3230-472F-8349-223ADA7AF223}.Release|Any CPU.ActiveCfg = Release|Any CPU
		{7CA2B2DB-3230-472F-8349-223ADA7AF223}.Release|Any CPU.Build.0 = Release|Any CPU
	EndGlobalSection
	GlobalSection(SolutionProperties) = preSolution
		HideSolutionNode = FALSE
	EndGlobalSection
	GlobalSection(ExtensibilityGlobals) = postSolution
		SolutionGuid = {10D761E6-3907-4754-A0B7-9BFBA3F11F05}
	EndGlobalSection
EndGlobal
